
Microsoft Visual Studio Solution File, Format Version 12.00
# Visual Studio Version 16
VisualStudioVersion = 16.0.31605.320
MinimumVisualStudioVersion = 10.0.40219.1
Project("{FAE04EC0-301F-11D3-BF4B-00C04F79EFBC}") = "TestGestForm", "TestGestForm\TestGestForm.csproj", "{7CA59333-4A98-4D35-8478-9430B40676E8}"
EndProject
Project("{FAE04EC0-301F-11D3-BF4B-00C04F79EFBC}") = "GestformUnitTest", "GestformUnitTest\GestformUnitTest.csproj", "{80624880-999C-473A-B72B-9FE18843A94C}"
EndProject
Global
	GlobalSection(SolutionConfigurationPlatforms) = preSolution
		Debug|Any CPU = Debug|Any CPU
		Release|Any CPU = Release|Any CPU
	EndGlobalSection
	GlobalSection(ProjectConfigurationPlatforms) = postSolution
		{7CA59333-4A98-4D35-8478-9430B40676E8}.Debug|Any CPU.ActiveCfg = Debug|Any CPU
		{7CA59333-4A98-4D35-8478-9430B40676E8}.Debug|Any CPU.Build.0 = Debug|Any CPU
		{7CA59333-4A98-4D35-8478-9430B40676E8}.Release|Any CPU.ActiveCfg = Release|Any CPU
		{7CA59333-4A98-4D35-8478-9430B40676E8}.Release|Any CPU.Build.0 = Release|Any CPU
		{80624880-999C-473A-B72B-9FE18843A94C}.Debug|Any CPU.ActiveCfg = Debug|Any CPU
		{80624880-999C-473A-B72B-9FE18843A94C}.Debug|Any CPU.Build.0 = Debug|Any CPU
		{80624880-999C-473A-B72B-9FE18843A94C}.Release|Any CPU.ActiveCfg = Release|Any CPU
		{80624880-999C-473A-B72B-9FE18843A94C}.Release|Any CPU.Build.0 = Release|Any CPU
	EndGlobalSection
	GlobalSection(SolutionProperties) = preSolution
		HideSolutionNode = FALSE
	EndGlobalSection
	GlobalSection(ExtensibilityGlobals) = postSolution
		SolutionGuid = {3CB0D90E-00E1-4EB7-AF34-6A2D068DBBF8}
	EndGlobalSection
EndGlobal
